
Microsoft Visual Studio Solution File, Format Version 12.00
# Visual Studio Version 16
VisualStudioVersion = 16.0.28803.202
MinimumVisualStudioVersion = 10.0.40219.1
Project("{FAE04EC0-301F-11D3-BF4B-00C04F79EFBC}") = "SumEvenElementsArray", "WantsomeHomework\SumEvenElementsArray.csproj", "{D4D63969-88F1-4D66-8275-D32129EFD86E}"
EndProject
Project("{FAE04EC0-301F-11D3-BF4B-00C04F79EFBC}") = "PairsElementsInArray", "PairsElementsInArray\PairsElementsInArray.csproj", "{4A1D97E0-BE83-4BE8-9A9D-7F9AE2410CD2}"
EndProject
Project("{FAE04EC0-301F-11D3-BF4B-00C04F79EFBC}") = "Factorial", "Factorial\Factorial.csproj", "{8A9ABEBC-29B0-4371-A457-F652CE348A17}"
EndProject
Project("{FAE04EC0-301F-11D3-BF4B-00C04F79EFBC}") = "FindDuplicatesInArray", "FindDuplicatesInArray\FindDuplicatesInArray.csproj", "{1D4EB29B-2F93-4D8B-84BA-877B467FEDEF}"
EndProject
Project("{FAE04EC0-301F-11D3-BF4B-00C04F79EFBC}") = "RemoveDuplicatesFromLinkedList", "RemoveDuplicatesFromLinkedList\RemoveDuplicatesFromLinkedList.csproj", "{034929A1-61D4-4E17-83BC-112FC75E3795}"
EndProject
Project("{FAE04EC0-301F-11D3-BF4B-00C04F79EFBC}") = "SumDigitsNumber", "SumDigitsNumber\SumDigitsNumber.csproj", "{DBE4EA1C-A3FD-4F1E-BD78-8BC69BF4D2DD}"
EndProject
Global
	GlobalSection(SolutionConfigurationPlatforms) = preSolution
		Debug|Any CPU = Debug|Any CPU
		Release|Any CPU = Release|Any CPU
	EndGlobalSection
	GlobalSection(ProjectConfigurationPlatforms) = postSolution
		{D4D63969-88F1-4D66-8275-D32129EFD86E}.Debug|Any CPU.ActiveCfg = Debug|Any CPU
		{D4D63969-88F1-4D66-8275-D32129EFD86E}.Debug|Any CPU.Build.0 = Debug|Any CPU
		{D4D63969-88F1-4D66-8275-D32129EFD86E}.Release|Any CPU.ActiveCfg = Release|Any CPU
		{D4D63969-88F1-4D66-8275-D32129EFD86E}.Release|Any CPU.Build.0 = Release|Any CPU
		{4A1D97E0-BE83-4BE8-9A9D-7F9AE2410CD2}.Debug|Any CPU.ActiveCfg = Debug|Any CPU
		{4A1D97E0-BE83-4BE8-9A9D-7F9AE2410CD2}.Debug|Any CPU.Build.0 = Debug|Any CPU
		{4A1D97E0-BE83-4BE8-9A9D-7F9AE2410CD2}.Release|Any CPU.ActiveCfg = Release|Any CPU
		{4A1D97E0-BE83-4BE8-9A9D-7F9AE2410CD2}.Release|Any CPU.Build.0 = Release|Any CPU
		{8A9ABEBC-29B0-4371-A457-F652CE348A17}.Debug|Any CPU.ActiveCfg = Debug|Any CPU
		{8A9ABEBC-29B0-4371-A457-F652CE348A17}.Debug|Any CPU.Build.0 = Debug|Any CPU
		{8A9ABEBC-29B0-4371-A457-F652CE348A17}.Release|Any CPU.ActiveCfg = Release|Any CPU
		{8A9ABEBC-29B0-4371-A457-F652CE348A17}.Release|Any CPU.Build.0 = Release|Any CPU
		{1D4EB29B-2F93-4D8B-84BA-877B467FEDEF}.Debug|Any CPU.ActiveCfg = Debug|Any CPU
		{1D4EB29B-2F93-4D8B-84BA-877B467FEDEF}.Debug|Any CPU.Build.0 = Debug|Any CPU
		{1D4EB29B-2F93-4D8B-84BA-877B467FEDEF}.Release|Any CPU.ActiveCfg = Release|Any CPU
		{1D4EB29B-2F93-4D8B-84BA-877B467FEDEF}.Release|Any CPU.Build.0 = Release|Any CPU
		{034929A1-61D4-4E17-83BC-112FC75E3795}.Debug|Any CPU.ActiveCfg = Debug|Any CPU
		{034929A1-61D4-4E17-83BC-112FC75E3795}.Debug|Any CPU.Build.0 = Debug|Any CPU
		{034929A1-61D4-4E17-83BC-112FC75E3795}.Release|Any CPU.ActiveCfg = Release|Any CPU
		{034929A1-61D4-4E17-83BC-112FC75E3795}.Release|Any CPU.Build.0 = Release|Any CPU
		{DBE4EA1C-A3FD-4F1E-BD78-8BC69BF4D2DD}.Debug|Any CPU.ActiveCfg = Debug|Any CPU
		{DBE4EA1C-A3FD-4F1E-BD78-8BC69BF4D2DD}.Debug|Any CPU.Build.0 = Debug|Any CPU
		{DBE4EA1C-A3FD-4F1E-BD78-8BC69BF4D2DD}.Release|Any CPU.ActiveCfg = Release|Any CPU
		{DBE4EA1C-A3FD-4F1E-BD78-8BC69BF4D2DD}.Release|Any CPU.Build.0 = Release|Any CPU
	EndGlobalSection
	GlobalSection(SolutionProperties) = preSolution
		HideSolutionNode = FALSE
	EndGlobalSection
	GlobalSection(ExtensibilityGlobals) = postSolution
		SolutionGuid = {4115CAE2-6C3F-438B-8CCE-AB7B08C5C60A}
	EndGlobalSection
EndGlobal
